{
  "name": "RlProcess",
  "requires": true,
  "lockfileVersion": 1,
  "dependencies": {
    "animate.css": {
      "version": "3.7.0",
      "resolved": "https://registry.npmjs.org/animate.css/-/animate.css-3.7.0.tgz",
      "integrity": "sha512-u3iMXDJr0cxMdQocIciDiou9Au4L5f9uT+/jCtprw3s1j3HcfCuI+khF+90Ps2KdsEhM2soF7SXB4WUvI3HlXg=="
    },
    "awesome-bootstrap-checkbox": {
      "version": "1.0.1",
      "resolved": "https://registry.npmjs.org/awesome-bootstrap-checkbox/-/awesome-bootstrap-checkbox-1.0.1.tgz",
      "integrity": "sha1-2rEBRrYAESmrCg7B5Uu3fGwwRXo="
    },
    "charm": {
      "version": "0.1.2",
      "resolved": "https://registry.npmjs.org/charm/-/charm-0.1.2.tgz",
      "integrity": "sha1-BsIe7RobBq62dVPNxT4jJ0usIpY="
    },
    "footable": {
      "version": "2.0.6",
      "resolved": "https://registry.npmjs.org/footable/-/footable-2.0.6.tgz",
      "integrity": "sha1-JOLQxKYWSOA/wDE4F76FOqWcCdA=",
      "requires": {
        "jquery": ">=1.4.4"
      }
    },
    "icheck": {
      "version": "1.0.2",
      "resolved": "https://registry.npmjs.org/icheck/-/icheck-1.0.2.tgz",
      "integrity": "sha1-BtCNo9R65EjBU7Jjm4bprX/fcSg="
    },
    "jquery": {
      "version": "3.3.1",
      "resolved": "https://registry.npmjs.org/jquery/-/jquery-3.3.1.tgz",
      "integrity": "sha512-Ubldcmxp5np52/ENotGxlLe6aGMvmF4R8S6tZjsP6Knsaxd/xp3Zrh50cG93lR6nPXyUFwzN3ZSOQI0wRJNdGg=="
    },
    "jquery-mask-plugin": {
      "version": "1.14.15",
      "resolved": "https://registry.npmjs.org/jquery-mask-plugin/-/jquery-mask-plugin-1.14.15.tgz",
      "integrity": "sha512-/mI1N5WG9E7JmjFWIQBIMuG/4QlZDAXuoNjHoqVWZSMah+go5hp/xKI/xC0Jud9Ly4HqqhFxY4AXLTUZT+J7Hg=="
    },
    "jquery-slimscroll": {
      "version": "1.3.8",
      "resolved": "https://registry.npmjs.org/jquery-slimscroll/-/jquery-slimscroll-1.3.8.tgz",
      "integrity": "sha1-hIHETnpHaHZTkIoo9/cK7WTITjY=",
      "requires": {
        "jquery": ">= 1.7"
      },
      "dependencies": {
        "jquery": {
          "version": "3.3.1",
          "resolved": "https://registry.npmjs.org/jquery/-/jquery-3.3.1.tgz",
          "integrity": "sha512-Ubldcmxp5np52/ENotGxlLe6aGMvmF4R8S6tZjsP6Knsaxd/xp3Zrh50cG93lR6nPXyUFwzN3ZSOQI0wRJNdGg=="
        }
      }
    },
    "metismenu": {
      "version": "2.7.9",
      "resolved": "https://registry.npmjs.org/metismenu/-/metismenu-2.7.9.tgz",
      "integrity": "sha512-l2F61AaGdqiSh0NFmTofCfI59M6EruCOTRSAmbLxZ1ZpUD1Fjdo6/ZFfyMCxHbIejLamtVVHGRwNrerR/pPmbA=="
    },
    "pace": {
      "version": "0.0.4",
      "resolved": "https://registry.npmjs.org/pace/-/pace-0.0.4.tgz",
      "integrity": "sha1-1mQF1fW8EtJUQabibIeNvGnnenc=",
      "requires": {
        "charm": "~0.1.0"
      }
    }
  }
}
